{
  "name": "Tutorial",
  "lockfileVersion": 3,
  "requires": true,
  "packages": {
    "": {
      "dependencies": {
        "lucide": "^0.340.0"
      }
    },
    "node_modules/lucide": {
      "version": "0.340.0",
      "resolved": "https://registry.npmjs.org/lucide/-/lucide-0.340.0.tgz",
      "integrity": "sha512-7gz06fnbi8piM1hnUzdt4c82uocJzD29VlPJDvxgDM72oO2NCZY02d02bIVINiTddLw9CGNPTkVEK5TaNFsVAQ=="
    }
  }
}
